// !$*UTF8*$!
{
	archiveVersion = 1;
	classes = {
	};
	objectVersion = 45;
	objects = {

/* Begin PBXAggregateTarget section */
		24416B8111C4CA220047AFDD /* Build & Test */ = {
			isa = PBXAggregateTarget;
			buildConfigurationList = 24416B8A11C4CA520047AFDD /* Build configuration list for PBXAggregateTarget "Build & Test" */;
			buildPhases = (
				24416B8011C4CA220047AFDD /* ShellScript */,
			);
			dependencies = (
				24416B8511C4CA280047AFDD /* PBXTargetDependency */,
			);
			name = "Build & Test";
			productName = "Build & test";
		};
/* End PBXAggregateTarget section */

/* Begin PBXBuildFile section */
		24DD6CF91134B3F500162E58 /* BencodingSwitchModule.h in Headers */ = {isa = PBXBuildFile; fileRef = 24DD6CF71134B3F500162E58 /* BencodingSwitchModule.h */; };
		24DD6CFA1134B3F500162E58 /* BencodingSwitchModule.m in Sources */ = {isa = PBXBuildFile; fileRef = 24DD6CF81134B3F500162E58 /* BencodingSwitchModule.m */; };
		24DE9E1111C5FE74003F90F6 /* BencodingSwitchModuleAssets.h in Headers */ = {isa = PBXBuildFile; fileRef = 24DE9E0F11C5FE74003F90F6 /* BencodingSwitchModuleAssets.h */; };
		24DE9E1211C5FE74003F90F6 /* BencodingSwitchModuleAssets.m in Sources */ = {isa = PBXBuildFile; fileRef = 24DE9E1011C5FE74003F90F6 /* BencodingSwitchModuleAssets.m */; };
		4380A71215602547008CA5E3 /* BencodingSwitchSwitch.h in Headers */ = {isa = PBXBuildFile; fileRef = 4380A71015602547008CA5E3 /* BencodingSwitchSwitch.h */; };
		4380A71315602547008CA5E3 /* BencodingSwitchSwitch.m in Sources */ = {isa = PBXBuildFile; fileRef = 4380A71115602547008CA5E3 /* BencodingSwitchSwitch.m */; };
		4380A71715602580008CA5E3 /* BencodingSwitchSwitchProxy.h in Headers */ = {isa = PBXBuildFile; fileRef = 4380A71515602580008CA5E3 /* BencodingSwitchSwitchProxy.h */; };
		4380A71815602580008CA5E3 /* BencodingSwitchSwitchProxy.m in Sources */ = {isa = PBXBuildFile; fileRef = 4380A71615602580008CA5E3 /* BencodingSwitchSwitchProxy.m */; };
		4380A722156025A4008CA5E3 /* DCRoundSwitch.h in Headers */ = {isa = PBXBuildFile; fileRef = 4380A71A156025A4008CA5E3 /* DCRoundSwitch.h */; };
		4380A723156025A4008CA5E3 /* DCRoundSwitch.m in Sources */ = {isa = PBXBuildFile; fileRef = 4380A71B156025A4008CA5E3 /* DCRoundSwitch.m */; };
		4380A724156025A4008CA5E3 /* DCRoundSwitchKnobLayer.h in Headers */ = {isa = PBXBuildFile; fileRef = 4380A71C156025A4008CA5E3 /* DCRoundSwitchKnobLayer.h */; };
		4380A725156025A4008CA5E3 /* DCRoundSwitchKnobLayer.m in Sources */ = {isa = PBXBuildFile; fileRef = 4380A71D156025A4008CA5E3 /* DCRoundSwitchKnobLayer.m */; };
		4380A726156025A4008CA5E3 /* DCRoundSwitchOutlineLayer.h in Headers */ = {isa = PBXBuildFile; fileRef = 4380A71E156025A4008CA5E3 /* DCRoundSwitchOutlineLayer.h */; };
		4380A727156025A4008CA5E3 /* DCRoundSwitchOutlineLayer.m in Sources */ = {isa = PBXBuildFile; fileRef = 4380A71F156025A4008CA5E3 /* DCRoundSwitchOutlineLayer.m */; };
		4380A728156025A4008CA5E3 /* DCRoundSwitchToggleLayer.h in Headers */ = {isa = PBXBuildFile; fileRef = 4380A720156025A4008CA5E3 /* DCRoundSwitchToggleLayer.h */; };
		4380A729156025A4008CA5E3 /* DCRoundSwitchToggleLayer.m in Sources */ = {isa = PBXBuildFile; fileRef = 4380A721156025A4008CA5E3 /* DCRoundSwitchToggleLayer.m */; };
		AA747D9F0F9514B9006C5449 /* BencodingSwitch_Prefix.pch in Headers */ = {isa = PBXBuildFile; fileRef = AA747D9E0F9514B9006C5449 /* BencodingSwitch_Prefix.pch */; };
		AACBBE4A0F95108600F1A2B1 /* Foundation.framework in Frameworks */ = {isa = PBXBuildFile; fileRef = AACBBE490F95108600F1A2B1 /* Foundation.framework */; };
/* End PBXBuildFile section */

/* Begin PBXContainerItemProxy section */
		24416B8411C4CA280047AFDD /* PBXContainerItemProxy */ = {
			isa = PBXContainerItemProxy;
			containerPortal = 0867D690FE84028FC02AAC07 /* Project object */;
			proxyType = 1;
			remoteGlobalIDString = D2AAC07D0554694100DB518D;
			remoteInfo = switch;
		};
/* End PBXContainerItemProxy section */

/* Begin PBXFileReference section */
		24DD6CF71134B3F500162E58 /* BencodingSwitchModule.h */ = {isa = PBXFileReference; fileEncoding = 4; lastKnownFileType = sourcecode.c.h; name = BencodingSwitchModule.h; path = Classes/BencodingSwitchModule.h; sourceTree = "<group>"; };
		24DD6CF81134B3F500162E58 /* BencodingSwitchModule.m */ = {isa = PBXFileReference; fileEncoding = 4; lastKnownFileType = sourcecode.c.objc; name = BencodingSwitchModule.m; path = Classes/BencodingSwitchModule.m; sourceTree = "<group>"; };
		24DD6D1B1134B66800162E58 /* titanium.xcconfig */ = {isa = PBXFileReference; fileEncoding = 4; lastKnownFileType = text.xcconfig; path = titanium.xcconfig; sourceTree = "<group>"; };
		24DE9E0F11C5FE74003F90F6 /* BencodingSwitchModuleAssets.h */ = {isa = PBXFileReference; fileEncoding = 4; lastKnownFileType = sourcecode.c.h; name = BencodingSwitchModuleAssets.h; path = Classes/BencodingSwitchModuleAssets.h; sourceTree = "<group>"; };
		24DE9E1011C5FE74003F90F6 /* BencodingSwitchModuleAssets.m */ = {isa = PBXFileReference; fileEncoding = 4; lastKnownFileType = sourcecode.c.objc; name = BencodingSwitchModuleAssets.m; path = Classes/BencodingSwitchModuleAssets.m; sourceTree = "<group>"; };
		4380A71015602547008CA5E3 /* BencodingSwitchSwitch.h */ = {isa = PBXFileReference; fileEncoding = 4; lastKnownFileType = sourcecode.c.h; name = BencodingSwitchSwitch.h; path = Classes/BencodingSwitchSwitch.h; sourceTree = "<group>"; };
		4380A71115602547008CA5E3 /* BencodingSwitchSwitch.m */ = {isa = PBXFileReference; fileEncoding = 4; lastKnownFileType = sourcecode.c.objc; name = BencodingSwitchSwitch.m; path = Classes/BencodingSwitchSwitch.m; sourceTree = "<group>"; };
		4380A71515602580008CA5E3 /* BencodingSwitchSwitchProxy.h */ = {isa = PBXFileReference; fileEncoding = 4; lastKnownFileType = sourcecode.c.h; name = BencodingSwitchSwitchProxy.h; path = Classes/BencodingSwitchSwitchProxy.h; sourceTree = "<group>"; };
		4380A71615602580008CA5E3 /* BencodingSwitchSwitchProxy.m */ = {isa = PBXFileReference; fileEncoding = 4; lastKnownFileType = sourcecode.c.objc; name = BencodingSwitchSwitchProxy.m; path = Classes/BencodingSwitchSwitchProxy.m; sourceTree = "<group>"; };
		4380A71A156025A4008CA5E3 /* DCRoundSwitch.h */ = {isa = PBXFileReference; fileEncoding = 4; lastKnownFileType = sourcecode.c.h; path = DCRoundSwitch.h; sourceTree = "<group>"; };
		4380A71B156025A4008CA5E3 /* DCRoundSwitch.m */ = {isa = PBXFileReference; fileEncoding = 4; lastKnownFileType = sourcecode.c.objc; path = DCRoundSwitch.m; sourceTree = "<group>"; };
		4380A71C156025A4008CA5E3 /* DCRoundSwitchKnobLayer.h */ = {isa = PBXFileReference; fileEncoding = 4; lastKnownFileType = sourcecode.c.h; path = DCRoundSwitchKnobLayer.h; sourceTree = "<group>"; };
		4380A71D156025A4008CA5E3 /* DCRoundSwitchKnobLayer.m */ = {isa = PBXFileReference; fileEncoding = 4; lastKnownFileType = sourcecode.c.objc; path = DCRoundSwitchKnobLayer.m; sourceTree = "<group>"; };
		4380A71E156025A4008CA5E3 /* DCRoundSwitchOutlineLayer.h */ = {isa = PBXFileReference; fileEncoding = 4; lastKnownFileType = sourcecode.c.h; path = DCRoundSwitchOutlineLayer.h; sourceTree = "<group>"; };
		4380A71F156025A4008CA5E3 /* DCRoundSwitchOutlineLayer.m */ = {isa = PBXFileReference; fileEncoding = 4; lastKnownFileType = sourcecode.c.objc; path = DCRoundSwitchOutlineLayer.m; sourceTree = "<group>"; };
		4380A720156025A4008CA5E3 /* DCRoundSwitchToggleLayer.h */ = {isa = PBXFileReference; fileEncoding = 4; lastKnownFileType = sourcecode.c.h; path = DCRoundSwitchToggleLayer.h; sourceTree = "<group>"; };
		4380A721156025A4008CA5E3 /* DCRoundSwitchToggleLayer.m */ = {isa = PBXFileReference; fileEncoding = 4; lastKnownFileType = sourcecode.c.objc; path = DCRoundSwitchToggleLayer.m; sourceTree = "<group>"; };
		AA747D9E0F9514B9006C5449 /* BencodingSwitch_Prefix.pch */ = {isa = PBXFileReference; fileEncoding = 4; lastKnownFileType = sourcecode.c.h; path = BencodingSwitch_Prefix.pch; sourceTree = SOURCE_ROOT; };
		AACBBE490F95108600F1A2B1 /* Foundation.framework */ = {isa = PBXFileReference; lastKnownFileType = wrapper.framework; name = Foundation.framework; path = System/Library/Frameworks/Foundation.framework; sourceTree = SDKROOT; };
		D2AAC07E0554694100DB518D /* libBencodingSwitch.a */ = {isa = PBXFileReference; explicitFileType = archive.ar; includeInIndex = 0; path = libBencodingSwitch.a; sourceTree = BUILT_PRODUCTS_DIR; };
/* End PBXFileReference section */

/* Begin PBXFrameworksBuildPhase section */
		D2AAC07C0554694100DB518D /* Frameworks */ = {
			isa = PBXFrameworksBuildPhase;
			buildActionMask = 2147483647;
			files = (
				AACBBE4A0F95108600F1A2B1 /* Foundation.framework in Frameworks */,
			);
			runOnlyForDeploymentPostprocessing = 0;
		};
/* End PBXFrameworksBuildPhase section */

/* Begin PBXGroup section */
		034768DFFF38A50411DB9C8B /* Products */ = {
			isa = PBXGroup;
			children = (
				D2AAC07E0554694100DB518D /* libBencodingSwitch.a */,
			);
			name = Products;
			sourceTree = "<group>";
		};
		0867D691FE84028FC02AAC07 /* switch */ = {
			isa = PBXGroup;
			children = (
				08FB77AEFE84172EC02AAC07 /* Classes */,
				32C88DFF0371C24200C91783 /* Other Sources */,
				0867D69AFE84028FC02AAC07 /* Frameworks */,
				034768DFFF38A50411DB9C8B /* Products */,
			);
			name = switch;
			sourceTree = "<group>";
		};
		0867D69AFE84028FC02AAC07 /* Frameworks */ = {
			isa = PBXGroup;
			children = (
				AACBBE490F95108600F1A2B1 /* Foundation.framework */,
			);
			name = Frameworks;
			sourceTree = "<group>";
		};
		08FB77AEFE84172EC02AAC07 /* Classes */ = {
			isa = PBXGroup;
			children = (
				4380A719156025A4008CA5E3 /* DCRoundSwitch */,
				24DE9E0F11C5FE74003F90F6 /* BencodingSwitchModuleAssets.h */,
				24DE9E1011C5FE74003F90F6 /* BencodingSwitchModuleAssets.m */,
				24DD6CF71134B3F500162E58 /* BencodingSwitchModule.h */,
				24DD6CF81134B3F500162E58 /* BencodingSwitchModule.m */,
				4380A71015602547008CA5E3 /* BencodingSwitchSwitch.h */,
				4380A71115602547008CA5E3 /* BencodingSwitchSwitch.m */,
				4380A71515602580008CA5E3 /* BencodingSwitchSwitchProxy.h */,
				4380A71615602580008CA5E3 /* BencodingSwitchSwitchProxy.m */,
			);
			name = Classes;
			sourceTree = "<group>";
		};
		32C88DFF0371C24200C91783 /* Other Sources */ = {
			isa = PBXGroup;
			children = (
				AA747D9E0F9514B9006C5449 /* BencodingSwitch_Prefix.pch */,
				24DD6D1B1134B66800162E58 /* titanium.xcconfig */,
			);
			name = "Other Sources";
			sourceTree = "<group>";
		};
		4380A719156025A4008CA5E3 /* DCRoundSwitch */ = {
			isa = PBXGroup;
			children = (
				4380A71A156025A4008CA5E3 /* DCRoundSwitch.h */,
				4380A71B156025A4008CA5E3 /* DCRoundSwitch.m */,
				4380A71C156025A4008CA5E3 /* DCRoundSwitchKnobLayer.h */,
				4380A71D156025A4008CA5E3 /* DCRoundSwitchKnobLayer.m */,
				4380A71E156025A4008CA5E3 /* DCRoundSwitchOutlineLayer.h */,
				4380A71F156025A4008CA5E3 /* DCRoundSwitchOutlineLayer.m */,
				4380A720156025A4008CA5E3 /* DCRoundSwitchToggleLayer.h */,
				4380A721156025A4008CA5E3 /* DCRoundSwitchToggleLayer.m */,
			);
			name = DCRoundSwitch;
			path = Classes/DCRoundSwitch;
			sourceTree = "<group>";
		};
/* End PBXGroup section */

/* Begin PBXHeadersBuildPhase section */
		D2AAC07A0554694100DB518D /* Headers */ = {
			isa = PBXHeadersBuildPhase;
			buildActionMask = 2147483647;
			files = (
				AA747D9F0F9514B9006C5449 /* BencodingSwitch_Prefix.pch in Headers */,
				24DD6CF91134B3F500162E58 /* BencodingSwitchModule.h in Headers */,
				24DE9E1111C5FE74003F90F6 /* BencodingSwitchModuleAssets.h in Headers */,
				4380A71215602547008CA5E3 /* BencodingSwitchSwitch.h in Headers */,
				4380A71715602580008CA5E3 /* BencodingSwitchSwitchProxy.h in Headers */,
				4380A722156025A4008CA5E3 /* DCRoundSwitch.h in Headers */,
				4380A724156025A4008CA5E3 /* DCRoundSwitchKnobLayer.h in Headers */,
				4380A726156025A4008CA5E3 /* DCRoundSwitchOutlineLayer.h in Headers */,
				4380A728156025A4008CA5E3 /* DCRoundSwitchToggleLayer.h in Headers */,
			);
			runOnlyForDeploymentPostprocessing = 0;
		};
/* End PBXHeadersBuildPhase section */

/* Begin PBXNativeTarget section */
		D2AAC07D0554694100DB518D /* switch */ = {
			isa = PBXNativeTarget;
			buildConfigurationList = 1DEB921E08733DC00010E9CD /* Build configuration list for PBXNativeTarget "switch" */;
			buildPhases = (
				D2AAC07A0554694100DB518D /* Headers */,
				D2AAC07B0554694100DB518D /* Sources */,
				D2AAC07C0554694100DB518D /* Frameworks */,
			);
			buildRules = (
			);
			dependencies = (
			);
			name = switch;
			productName = switch;
			productReference = D2AAC07E0554694100DB518D /* libBencodingSwitch.a */;
			productType = "com.apple.product-type.library.static";
		};
/* End PBXNativeTarget section */

/* Begin PBXProject section */
		0867D690FE84028FC02AAC07 /* Project object */ = {
			isa = PBXProject;
			buildConfigurationList = 1DEB922208733DC00010E9CD /* Build configuration list for PBXProject "switch" */;
			compatibilityVersion = "Xcode 3.1";
			developmentRegion = English;
			hasScannedForEncodings = 1;
			knownRegions = (
				English,
				Japanese,
				French,
				German,
			);
			mainGroup = 0867D691FE84028FC02AAC07 /* switch */;
			productRefGroup = 034768DFFF38A50411DB9C8B /* Products */;
			projectDirPath = "";
			projectRoot = "";
			targets = (
				D2AAC07D0554694100DB518D /* switch */,
				24416B8111C4CA220047AFDD /* Build & Test */,
			);
		};
/* End PBXProject section */

/* Begin PBXShellScriptBuildPhase section */
		24416B8011C4CA220047AFDD /* ShellScript */ = {
			isa = PBXShellScriptBuildPhase;
			buildActionMask = 2147483647;
			files = (
			);
			inputPaths = (
			);
			outputPaths = (
			);
			runOnlyForDeploymentPostprocessing = 0;
			shellPath = /bin/sh;
			shellScript = "# shell script goes here\n\npython \"${TITANIUM_SDK}/titanium.py\" run --dir=\"${PROJECT_DIR}\"\nexit $?\n";
		};
/* End PBXShellScriptBuildPhase section */

/* Begin PBXSourcesBuildPhase section */
		D2AAC07B0554694100DB518D /* Sources */ = {
			isa = PBXSourcesBuildPhase;
			buildActionMask = 2147483647;
			files = (
				24DD6CFA1134B3F500162E58 /* BencodingSwitchModule.m in Sources */,
				24DE9E1211C5FE74003F90F6 /* BencodingSwitchModuleAssets.m in Sources */,
				4380A71315602547008CA5E3 /* BencodingSwitchSwitch.m in Sources */,
				4380A71815602580008CA5E3 /* BencodingSwitchSwitchProxy.m in Sources */,
				4380A723156025A4008CA5E3 /* DCRoundSwitch.m in Sources */,
				4380A725156025A4008CA5E3 /* DCRoundSwitchKnobLayer.m in Sources */,
				4380A727156025A4008CA5E3 /* DCRoundSwitchOutlineLayer.m in Sources */,
				4380A729156025A4008CA5E3 /* DCRoundSwitchToggleLayer.m in Sources */,
			);
			runOnlyForDeploymentPostprocessing = 0;
		};
/* End PBXSourcesBuildPhase section */

/* Begin PBXTargetDependency section */
		24416B8511C4CA280047AFDD /* PBXTargetDependency */ = {
			isa = PBXTargetDependency;
			target = D2AAC07D0554694100DB518D /* switch */;
			targetProxy = 24416B8411C4CA280047AFDD /* PBXContainerItemProxy */;
		};
/* End PBXTargetDependency section */

/* Begin XCBuildConfiguration section */
		1DEB921F08733DC00010E9CD /* Debug */ = {
			isa = XCBuildConfiguration;
			baseConfigurationReference = 24DD6D1B1134B66800162E58 /* titanium.xcconfig */;
			buildSettings = {
				ARCHS = (
					armv6,
					armv7,
				);
				"ARCHS[sdk=iphoneos*]" = (
					armv6,
					armv7,
				);
				"ARCHS[sdk=iphonesimulator*]" = i386;
				CODE_SIGN_IDENTITY = "iPhone Developer";
				"CODE_SIGN_IDENTITY[sdk=iphoneos*]" = "iPhone Developer";
				DSTROOT = /tmp/BencodingSwitch.dst;
				GCC_C_LANGUAGE_STANDARD = c99;
				GCC_OPTIMIZATION_LEVEL = 0;
				GCC_PRECOMPILE_PREFIX_HEADER = YES;
				GCC_PREFIX_HEADER = BencodingSwitch_Prefix.pch;
				GCC_PREPROCESSOR_DEFINITIONS = "TI_VERSION=$(TI_VERSION)";
				GCC_TREAT_WARNINGS_AS_ERRORS = NO;
				GCC_VERSION = "";
				GCC_WARN_ABOUT_RETURN_TYPE = NO;
				GCC_WARN_MISSING_PARENTHESES = NO;
				GCC_WARN_SHADOW = NO;
				GCC_WARN_STRICT_SELECTOR_MATCH = NO;
				GCC_WARN_UNUSED_FUNCTION = YES;
				GCC_WARN_UNUSED_PARAMETER = NO;
				GCC_WARN_UNUSED_VALUE = NO;
				GCC_WARN_UNUSED_VARIABLE = NO;
				INSTALL_PATH = /usr/local/lib;
				OTHER_CFLAGS = (
					"-DDEBUG",
					"-DTI_POST_1_2",
				);
				OTHER_LDFLAGS = "-ObjC";
				PRODUCT_NAME = BencodingSwitch;
				PROVISIONING_PROFILE = "";
				"PROVISIONING_PROFILE[sdk=iphoneos*]" = "";
				RUN_CLANG_STATIC_ANALYZER = NO;
				SDKROOT = iphoneos;
				USER_HEADER_SEARCH_PATHS = "";
			};
			name = Debug;
		};
		1DEB922008733DC00010E9CD /* Release */ = {
			isa = XCBuildConfiguration;
			baseConfigurationReference = 24DD6D1B1134B66800162E58 /* titanium.xcconfig */;
			buildSettings = {
				ALWAYS_SEARCH_USER_PATHS = NO;
				ARCHS = (
					armv6,
					armv7,
				);
				"ARCHS[sdk=iphoneos*]" = (
					armv6,
					armv7,
				);
				"ARCHS[sdk=iphonesimulator*]" = i386;
				DSTROOT = /tmp/BencodingSwitch.dst;
				GCC_C_LANGUAGE_STANDARD = c99;
				GCC_MODEL_TUNING = G5;
				GCC_PRECOMPILE_PREFIX_HEADER = YES;
				GCC_PREFIX_HEADER = BencodingSwitch_Prefix.pch;
				GCC_PREPROCESSOR_DEFINITIONS = "TI_VERSION=$(TI_VERSION)";
				GCC_TREAT_WARNINGS_AS_ERRORS = NO;
				GCC_VERSION = "";
				GCC_WARN_ABOUT_RETURN_TYPE = NO;
				GCC_WARN_MISSING_PARENTHESES = NO;
				GCC_WARN_SHADOW = NO;
				GCC_WARN_STRICT_SELECTOR_MATCH = NO;
				GCC_WARN_UNUSED_FUNCTION = YES;
				GCC_WARN_UNUSED_PARAMETER = NO;
				GCC_WARN_UNUSED_VALUE = NO;
				GCC_WARN_UNUSED_VARIABLE = NO;
				INSTALL_PATH = /usr/local/lib;
				IPHONEOS_DEPLOYMENT_TARGET = 4.0;
				OTHER_CFLAGS = "-DTI_POST_1_2";
				OTHER_LDFLAGS = "-ObjC";
				PRODUCT_NAME = BencodingSwitch;
				RUN_CLANG_STATIC_ANALYZER = NO;
				SDKROOT = iphoneos;
				USER_HEADER_SEARCH_PATHS = "";
			};
			name = Release;
		};
		1DEB922308733DC00010E9CD /* Debug */ = {
			isa = XCBuildConfiguration;
			baseConfigurationReference = 24DD6D1B1134B66800162E58 /* titanium.xcconfig */;
			buildSettings = {
				ARCHS = (
					armv6,
					armv7,
				);
				"ARCHS[sdk=iphoneos*]" = (
					armv6,
					armv7,
				);
				"ARCHS[sdk=iphonesimulator*]" = i386;
				CODE_SIGN_IDENTITY = "iPhone Developer";
				"CODE_SIGN_IDENTITY[sdk=iphoneos*]" = "iPhone Developer";
				DSTROOT = /tmp/BencodingSwitch.dst;
				GCC_C_LANGUAGE_STANDARD = c99;
				GCC_OPTIMIZATION_LEVEL = 0;
				GCC_PRECOMPILE_PREFIX_HEADER = YES;
				GCC_PREFIX_HEADER = BencodingSwitch_Prefix.pch;
				GCC_PREPROCESSOR_DEFINITIONS = "TI_VERSION=$(TI_VERSION)";
				GCC_TREAT_WARNINGS_AS_ERRORS = NO;
				GCC_VERSION = "";
				GCC_WARN_ABOUT_RETURN_TYPE = NO;
				GCC_WARN_MISSING_PARENTHESES = NO;
				GCC_WARN_SHADOW = NO;
				GCC_WARN_STRICT_SELECTOR_MATCH = NO;
				GCC_WARN_UNUSED_FUNCTION = YES;
				GCC_WARN_UNUSED_PARAMETER = NO;
				GCC_WARN_UNUSED_VALUE = NO;
				GCC_WARN_UNUSED_VARIABLE = NO;
				INSTALL_PATH = /usr/local/lib;
				OTHER_CFLAGS = (
					"-DDEBUG",
					"-DTI_POST_1_2",
				);
				OTHER_LDFLAGS = "-ObjC";
				PRODUCT_NAME = BencodingSwitch;
				PROVISIONING_PROFILE = "";
				"PROVISIONING_PROFILE[sdk=iphoneos*]" = "";
				RUN_CLANG_STATIC_ANALYZER = NO;
				SDKROOT = iphoneos;
				USER_HEADER_SEARCH_PATHS = "";
			};
			name = Debug;
		};
		1DEB922408733DC00010E9CD /* Release */ = {
			isa = XCBuildConfiguration;
			baseConfigurationReference = 24DD6D1B1134B66800162E58 /* titanium.xcconfig */;
			buildSettings = {
				ALWAYS_SEARCH_USER_PATHS = NO;
				ARCHS = (
					armv6,
					armv7,
				);
				"ARCHS[sdk=iphoneos*]" = (
					armv6,
					armv7,
				);
				"ARCHS[sdk=iphonesimulator*]" = i386;
				DSTROOT = /tmp/BencodingSwitch.dst;
				GCC_C_LANGUAGE_STANDARD = c99;
				GCC_MODEL_TUNING = G5;
				GCC_PRECOMPILE_PREFIX_HEADER = YES;
				GCC_PREFIX_HEADER = BencodingSwitch_Prefix.pch;
				GCC_PREPROCESSOR_DEFINITIONS = "TI_VERSION=$(TI_VERSION)";
				GCC_TREAT_WARNINGS_AS_ERRORS = NO;
				GCC_VERSION = "";
				GCC_WARN_ABOUT_RETURN_TYPE = NO;
				GCC_WARN_MISSING_PARENTHESES = NO;
				GCC_WARN_SHADOW = NO;
				GCC_WARN_STRICT_SELECTOR_MATCH = NO;
				GCC_WARN_UNUSED_FUNCTION = YES;
				GCC_WARN_UNUSED_PARAMETER = NO;
				GCC_WARN_UNUSED_VALUE = NO;
				GCC_WARN_UNUSED_VARIABLE = NO;
				INSTALL_PATH = /usr/local/lib;
				IPHONEOS_DEPLOYMENT_TARGET = 4.0;
				OTHER_CFLAGS = "-DTI_POST_1_2";
				OTHER_LDFLAGS = "-ObjC";
				PRODUCT_NAME = BencodingSwitch;
				RUN_CLANG_STATIC_ANALYZER = NO;
				SDKROOT = iphoneos;
				USER_HEADER_SEARCH_PATHS = "";
			};
			name = Release;
		};
		24416B8211C4CA220047AFDD /* Debug */ = {
			isa = XCBuildConfiguration;
			baseConfigurationReference = 24DD6D1B1134B66800162E58 /* titanium.xcconfig */;
			buildSettings = {
				COPY_PHASE_STRIP = NO;
				GCC_DYNAMIC_NO_PIC = NO;
				GCC_OPTIMIZATION_LEVEL = 0;
				PRODUCT_NAME = "Build & test";
			};
			name = Debug;
		};
		24416B8311C4CA220047AFDD /* Release */ = {
			isa = XCBuildConfiguration;
			baseConfigurationReference = 24DD6D1B1134B66800162E58 /* titanium.xcconfig */;
			buildSettings = {
				COPY_PHASE_STRIP = YES;
				DEBUG_INFORMATION_FORMAT = "dwarf-with-dsym";
				GCC_ENABLE_FIX_AND_CONTINUE = NO;
				PRODUCT_NAME = "Build & test";
				ZERO_LINK = NO;
			};
			name = Release;
		};
/* End XCBuildConfiguration section */

/* Begin XCConfigurationList section */
		1DEB921E08733DC00010E9CD /* Build configuration list for PBXNativeTarget "switch" */ = {
			isa = XCConfigurationList;
			buildConfigurations = (
				1DEB921F08733DC00010E9CD /* Debug */,
				1DEB922008733DC00010E9CD /* Release */,
			);
			defaultConfigurationIsVisible = 0;
			defaultConfigurationName = Release;
		};
		1DEB922208733DC00010E9CD /* Build configuration list for PBXProject "switch" */ = {
			isa = XCConfigurationList;
			buildConfigurations = (
				1DEB922308733DC00010E9CD /* Debug */,
				1DEB922408733DC00010E9CD /* Release */,
			);
			defaultConfigurationIsVisible = 0;
			defaultConfigurationName = Release;
		};
		24416B8A11C4CA520047AFDD /* Build configuration list for PBXAggregateTarget "Build & Test" */ = {
			isa = XCConfigurationList;
			buildConfigurations = (
				24416B8211C4CA220047AFDD /* Debug */,
				24416B8311C4CA220047AFDD /* Release */,
			);
			defaultConfigurationIsVisible = 0;
			defaultConfigurationName = Release;
		};
/* End XCConfigurationList section */
	};
	rootObject = 0867D690FE84028FC02AAC07 /* Project object */;
}
